
Microsoft Visual Studio Solution File, Format Version 12.00
# Visual Studio 14
VisualStudioVersion = 14.0.25420.1
MinimumVisualStudioVersion = 10.0.40219.1
Project("{FAE04EC0-301F-11D3-BF4B-00C04F79EFBC}") = "Auerfarm_Application", "Auerfarm_Application\Auerfarm_Application.csproj", "{65AC6C85-0CA9-41AF-A3D5-36C71A02E5B4}"
EndProject
Project("{FAE04EC0-301F-11D3-BF4B-00C04F79EFBC}") = "Mobile iOS", "Test iOS\Mobile iOS.csproj", "{60D94303-5A27-4D40-A42D-43A4FF54ABA5}"
EndProject
Project("{FAE04EC0-301F-11D3-BF4B-00C04F79EFBC}") = "AuerfarmAdmin", "..\..\..\Documents\Visual Studio 2015\Projects\WebApplication1\WebApplication1\AuerfarmAdmin.csproj", "{E7FC6C1A-95E0-41B0-AA0F-31F7BBED207A}"
EndProject
Global
	GlobalSection(SolutionConfigurationPlatforms) = preSolution
		Debug|Any CPU = Debug|Any CPU
		Release|Any CPU = Release|Any CPU
	EndGlobalSection
	GlobalSection(ProjectConfigurationPlatforms) = postSolution
		{65AC6C85-0CA9-41AF-A3D5-36C71A02E5B4}.Debug|Any CPU.ActiveCfg = Debug|Any CPU
		{65AC6C85-0CA9-41AF-A3D5-36C71A02E5B4}.Debug|Any CPU.Build.0 = Debug|Any CPU
		{65AC6C85-0CA9-41AF-A3D5-36C71A02E5B4}.Release|Any CPU.ActiveCfg = Release|Any CPU
		{65AC6C85-0CA9-41AF-A3D5-36C71A02E5B4}.Release|Any CPU.Build.0 = Release|Any CPU
		{60D94303-5A27-4D40-A42D-43A4FF54ABA5}.Debug|Any CPU.ActiveCfg = Debug|Any CPU
		{60D94303-5A27-4D40-A42D-43A4FF54ABA5}.Debug|Any CPU.Build.0 = Debug|Any CPU
		{60D94303-5A27-4D40-A42D-43A4FF54ABA5}.Release|Any CPU.ActiveCfg = Release|Any CPU
		{60D94303-5A27-4D40-A42D-43A4FF54ABA5}.Release|Any CPU.Build.0 = Release|Any CPU
		{E7FC6C1A-95E0-41B0-AA0F-31F7BBED207A}.Debug|Any CPU.ActiveCfg = Debug|Any CPU
		{E7FC6C1A-95E0-41B0-AA0F-31F7BBED207A}.Debug|Any CPU.Build.0 = Debug|Any CPU
		{E7FC6C1A-95E0-41B0-AA0F-31F7BBED207A}.Release|Any CPU.ActiveCfg = Release|Any CPU
		{E7FC6C1A-95E0-41B0-AA0F-31F7BBED207A}.Release|Any CPU.Build.0 = Release|Any CPU
	EndGlobalSection
	GlobalSection(SolutionProperties) = preSolution
		HideSolutionNode = FALSE
	EndGlobalSection
EndGlobal
